
Microsoft Visual Studio Solution File, Format Version 12.00
# Visual Studio Version 16
VisualStudioVersion = 16.0.32002.261
MinimumVisualStudioVersion = 10.0.40219.1
Project("{9A19103F-16F7-4668-BE54-9A1E7A4F7556}") = "BEE", "BEE\BEE.csproj", "{FB72FAFF-F217-4BEB-A6B5-0D286907672C}"
EndProject
Project("{9A19103F-16F7-4668-BE54-9A1E7A4F7556}") = "DAL", "DAL\DAL.csproj", "{5227042F-90F2-4667-98DE-36DC33523146}"
EndProject
Project("{9A19103F-16F7-4668-BE54-9A1E7A4F7556}") = "BLL", "BLL\BLL.csproj", "{62B27AF7-EEE3-45C0-B409-85A895F0E816}"
EndProject
Project("{9A19103F-16F7-4668-BE54-9A1E7A4F7556}") = "pr", "pr\pr.csproj", "{0CA25E27-00CA-45EF-9EEE-764768FFE79A}"
EndProject
Project("{2150E333-8FDC-42A3-9474-1A3956D46DE8}") = "Solution Items", "Solution Items", "{698746CC-36EB-47EF-B6C4-35D740BBA717}"
	ProjectSection(SolutionItems) = preProject
		.editorconfig = .editorconfig
	EndProjectSection
EndProject
Global
	GlobalSection(SolutionConfigurationPlatforms) = preSolution
		Debug|Any CPU = Debug|Any CPU
		Release|Any CPU = Release|Any CPU
	EndGlobalSection
	GlobalSection(ProjectConfigurationPlatforms) = postSolution
		{FB72FAFF-F217-4BEB-A6B5-0D286907672C}.Debug|Any CPU.ActiveCfg = Debug|Any CPU
		{FB72FAFF-F217-4BEB-A6B5-0D286907672C}.Debug|Any CPU.Build.0 = Debug|Any CPU
		{FB72FAFF-F217-4BEB-A6B5-0D286907672C}.Release|Any CPU.ActiveCfg = Release|Any CPU
		{FB72FAFF-F217-4BEB-A6B5-0D286907672C}.Release|Any CPU.Build.0 = Release|Any CPU
		{5227042F-90F2-4667-98DE-36DC33523146}.Debug|Any CPU.ActiveCfg = Debug|Any CPU
		{5227042F-90F2-4667-98DE-36DC33523146}.Debug|Any CPU.Build.0 = Debug|Any CPU
		{5227042F-90F2-4667-98DE-36DC33523146}.Release|Any CPU.ActiveCfg = Release|Any CPU
		{5227042F-90F2-4667-98DE-36DC33523146}.Release|Any CPU.Build.0 = Release|Any CPU
		{62B27AF7-EEE3-45C0-B409-85A895F0E816}.Debug|Any CPU.ActiveCfg = Debug|Any CPU
		{62B27AF7-EEE3-45C0-B409-85A895F0E816}.Debug|Any CPU.Build.0 = Debug|Any CPU
		{62B27AF7-EEE3-45C0-B409-85A895F0E816}.Release|Any CPU.ActiveCfg = Release|Any CPU
		{62B27AF7-EEE3-45C0-B409-85A895F0E816}.Release|Any CPU.Build.0 = Release|Any CPU
		{0CA25E27-00CA-45EF-9EEE-764768FFE79A}.Debug|Any CPU.ActiveCfg = Debug|Any CPU
		{0CA25E27-00CA-45EF-9EEE-764768FFE79A}.Debug|Any CPU.Build.0 = Debug|Any CPU
		{0CA25E27-00CA-45EF-9EEE-764768FFE79A}.Release|Any CPU.ActiveCfg = Release|Any CPU
		{0CA25E27-00CA-45EF-9EEE-764768FFE79A}.Release|Any CPU.Build.0 = Release|Any CPU
	EndGlobalSection
	GlobalSection(SolutionProperties) = preSolution
		HideSolutionNode = FALSE
	EndGlobalSection
	GlobalSection(ExtensibilityGlobals) = postSolution
		SolutionGuid = {37F4C061-B25D-427E-960A-EBFB43D7428F}
	EndGlobalSection
EndGlobal
